
Microsoft Visual Studio Solution File, Format Version 12.00
# Visual Studio Version 16
VisualStudioVersion = 16.0.30804.86
MinimumVisualStudioVersion = 10.0.40219.1
Project("{9A19103F-16F7-4668-BE54-9A1E7A4F7556}") = "CreateBase", "CreateBase\CreateBase.csproj", "{DB844E95-DAE6-4E3E-BEC8-ED670AC1C232}"
EndProject
Project("{9A19103F-16F7-4668-BE54-9A1E7A4F7556}") = "WebApplication1", "WebApplication1\WebApplication1.csproj", "{864482BA-4ABB-4931-AD90-D13C34B3E744}"
EndProject
Project("{FAE04EC0-301F-11D3-BF4B-00C04F79EFBC}") = "LibBase", "LibBase\LibBase.csproj", "{5645E81D-58F7-4461-9FC7-B7125ADA0344}"
EndProject
Global
	GlobalSection(SolutionConfigurationPlatforms) = preSolution
		Debug|Any CPU = Debug|Any CPU
		Release|Any CPU = Release|Any CPU
	EndGlobalSection
	GlobalSection(ProjectConfigurationPlatforms) = postSolution
		{DB844E95-DAE6-4E3E-BEC8-ED670AC1C232}.Debug|Any CPU.ActiveCfg = Debug|Any CPU
		{DB844E95-DAE6-4E3E-BEC8-ED670AC1C232}.Debug|Any CPU.Build.0 = Debug|Any CPU
		{DB844E95-DAE6-4E3E-BEC8-ED670AC1C232}.Release|Any CPU.ActiveCfg = Release|Any CPU
		{DB844E95-DAE6-4E3E-BEC8-ED670AC1C232}.Release|Any CPU.Build.0 = Release|Any CPU
		{864482BA-4ABB-4931-AD90-D13C34B3E744}.Debug|Any CPU.ActiveCfg = Debug|Any CPU
		{864482BA-4ABB-4931-AD90-D13C34B3E744}.Debug|Any CPU.Build.0 = Debug|Any CPU
		{864482BA-4ABB-4931-AD90-D13C34B3E744}.Release|Any CPU.ActiveCfg = Release|Any CPU
		{864482BA-4ABB-4931-AD90-D13C34B3E744}.Release|Any CPU.Build.0 = Release|Any CPU
		{5645E81D-58F7-4461-9FC7-B7125ADA0344}.Debug|Any CPU.ActiveCfg = Debug|Any CPU
		{5645E81D-58F7-4461-9FC7-B7125ADA0344}.Debug|Any CPU.Build.0 = Debug|Any CPU
		{5645E81D-58F7-4461-9FC7-B7125ADA0344}.Release|Any CPU.ActiveCfg = Release|Any CPU
		{5645E81D-58F7-4461-9FC7-B7125ADA0344}.Release|Any CPU.Build.0 = Release|Any CPU
	EndGlobalSection
	GlobalSection(SolutionProperties) = preSolution
		HideSolutionNode = FALSE
	EndGlobalSection
	GlobalSection(ExtensibilityGlobals) = postSolution
		SolutionGuid = {EACBF9D9-69CD-4163-97BF-2C535D3AAF7B}
	EndGlobalSection
EndGlobal
